
Microsoft Visual Studio Solution File, Format Version 12.00
# Visual Studio Version 16
VisualStudioVersion = 16.0.31402.337
MinimumVisualStudioVersion = 10.0.40219.1
Project("{FAE04EC0-301F-11D3-BF4B-00C04F79EFBC}") = "ISMPrakt05ClassLibrary", "ISMPrakt05ClassLibrary\ISMPrakt05ClassLibrary.csproj", "{34EB0F1A-F2F3-4215-910A-DF947173A4C4}"
EndProject
Project("{FAE04EC0-301F-11D3-BF4B-00C04F79EFBC}") = "ISMPrakt05ConsoleApp", "ISMPrakt05ConsoleApp\ISMPrakt05ConsoleApp.csproj", "{FEE3FB92-915E-4420-A633-26294AF0EF61}"
EndProject
Project("{FAE04EC0-301F-11D3-BF4B-00C04F79EFBC}") = "ISMPrakt05WindowsFormsApp", "ISMPrakt05WindowsFormsApp\ISMPrakt05WindowsFormsApp.csproj", "{51CDEE8A-A6F1-4192-BF93-2883EB21AE55}"
EndProject
Global
	GlobalSection(SolutionConfigurationPlatforms) = preSolution
		Debug|Any CPU = Debug|Any CPU
		Release|Any CPU = Release|Any CPU
	EndGlobalSection
	GlobalSection(ProjectConfigurationPlatforms) = postSolution
		{34EB0F1A-F2F3-4215-910A-DF947173A4C4}.Debug|Any CPU.ActiveCfg = Debug|Any CPU
		{34EB0F1A-F2F3-4215-910A-DF947173A4C4}.Debug|Any CPU.Build.0 = Debug|Any CPU
		{34EB0F1A-F2F3-4215-910A-DF947173A4C4}.Release|Any CPU.ActiveCfg = Release|Any CPU
		{34EB0F1A-F2F3-4215-910A-DF947173A4C4}.Release|Any CPU.Build.0 = Release|Any CPU
		{FEE3FB92-915E-4420-A633-26294AF0EF61}.Debug|Any CPU.ActiveCfg = Debug|Any CPU
		{FEE3FB92-915E-4420-A633-26294AF0EF61}.Debug|Any CPU.Build.0 = Debug|Any CPU
		{FEE3FB92-915E-4420-A633-26294AF0EF61}.Release|Any CPU.ActiveCfg = Release|Any CPU
		{FEE3FB92-915E-4420-A633-26294AF0EF61}.Release|Any CPU.Build.0 = Release|Any CPU
		{51CDEE8A-A6F1-4192-BF93-2883EB21AE55}.Debug|Any CPU.ActiveCfg = Debug|Any CPU
		{51CDEE8A-A6F1-4192-BF93-2883EB21AE55}.Debug|Any CPU.Build.0 = Debug|Any CPU
		{51CDEE8A-A6F1-4192-BF93-2883EB21AE55}.Release|Any CPU.ActiveCfg = Release|Any CPU
		{51CDEE8A-A6F1-4192-BF93-2883EB21AE55}.Release|Any CPU.Build.0 = Release|Any CPU
	EndGlobalSection
	GlobalSection(SolutionProperties) = preSolution
		HideSolutionNode = FALSE
	EndGlobalSection
	GlobalSection(ExtensibilityGlobals) = postSolution
		SolutionGuid = {5FAB9501-8362-4565-8235-42E88666B1A3}
	EndGlobalSection
EndGlobal
